
Microsoft Visual Studio Solution File, Format Version 12.00
# Visual Studio Version 17
VisualStudioVersion = 17.1.32328.378
MinimumVisualStudioVersion = 10.0.40219.1
Project("{FAE04EC0-301F-11D3-BF4B-00C04F79EFBC}") = "DiscordCrash2022", "DiscordCrash2022\DiscordCrash2022.csproj", "{2D397CFD-B867-47BD-8845-674D3FD0B5D7}"
EndProject
Global
	GlobalSection(SolutionConfigurationPlatforms) = preSolution
		Debug|Any CPU = Debug|Any CPU
		Release|Any CPU = Release|Any CPU
	EndGlobalSection
	GlobalSection(ProjectConfigurationPlatforms) = postSolution
		{2D397CFD-B867-47BD-8845-674D3FD0B5D7}.Debug|Any CPU.ActiveCfg = Debug|Any CPU
		{2D397CFD-B867-47BD-8845-674D3FD0B5D7}.Debug|Any CPU.Build.0 = Debug|Any CPU
		{2D397CFD-B867-47BD-8845-674D3FD0B5D7}.Release|Any CPU.ActiveCfg = Release|Any CPU
		{2D397CFD-B867-47BD-8845-674D3FD0B5D7}.Release|Any CPU.Build.0 = Release|Any CPU
	EndGlobalSection
	GlobalSection(SolutionProperties) = preSolution
		HideSolutionNode = FALSE
	EndGlobalSection
	GlobalSection(ExtensibilityGlobals) = postSolution
		SolutionGuid = {11BF7EB5-FD90-45DD-86D7-74D87AD596E2}
	EndGlobalSection
EndGlobal
